
Microsoft Visual Studio Solution File, Format Version 12.00
# Visual Studio Version 16
VisualStudioVersion = 16.0.31424.327
MinimumVisualStudioVersion = 10.0.40219.1
Project("{FAE04EC0-301F-11D3-BF4B-00C04F79EFBC}") = "BatchImageEditor", "BatchImageEditor\BatchImageEditor.csproj", "{A648113D-5F69-47C7-8010-2E19161CB027}"
EndProject
Global
	GlobalSection(SolutionConfigurationPlatforms) = preSolution
		Debug|Any CPU = Debug|Any CPU
		Release|Any CPU = Release|Any CPU
	EndGlobalSection
	GlobalSection(ProjectConfigurationPlatforms) = postSolution
		{A648113D-5F69-47C7-8010-2E19161CB027}.Debug|Any CPU.ActiveCfg = Debug|Any CPU
		{A648113D-5F69-47C7-8010-2E19161CB027}.Debug|Any CPU.Build.0 = Debug|Any CPU
		{A648113D-5F69-47C7-8010-2E19161CB027}.Release|Any CPU.ActiveCfg = Release|Any CPU
		{A648113D-5F69-47C7-8010-2E19161CB027}.Release|Any CPU.Build.0 = Release|Any CPU
	EndGlobalSection
	GlobalSection(SolutionProperties) = preSolution
		HideSolutionNode = FALSE
	EndGlobalSection
	GlobalSection(ExtensibilityGlobals) = postSolution
		SolutionGuid = {8D5322AD-9E37-40A3-AE38-4F5F8730E6AA}
	EndGlobalSection
EndGlobal
